
{
  "name": "openai-pack",
  "lockfileVersion": 2,
  "requires": true,
  "packages": {
    "": {
      "hasInstallScript": true,
      "dependencies": {
        "@codahq/packs-sdk": "^1.2.0"
      },
      "devDependencies": {
        "@types/chai": "^4.3.4",
        "@types/chai-as-promised": "^7.1.5",
        "@types/mocha": "^10.0.0",
        "@types/node": "^18.11.9",
        "@types/sinon": "^10.0.13",
        "@typescript-eslint/eslint-plugin": "^5.38.1",
        "@typescript-eslint/experimental-utils": "^5.38.1",
        "@typescript-eslint/parser": "^5.38.1",
        "chai": "^4.3.7",
        "chai-as-promised": "^7.1.1",
        "eslint": "^8.24.0",
        "eslint-plugin-ban": "^1.6.0",
        "eslint-plugin-filenames": "^1.3.2",
        "eslint-plugin-local": "^1.0.0",
        "eslint-plugin-prefer-let": "^3.0.1",
        "json-schema": "^0.4.0",
        "mocha": "^10.1.0",
        "sinon": "^14.0.2",
        "ts-node": "^10.9.1",
        "typescript": "^4.8.4"
      }
    },
    "node_modules/@aws-crypto/ie11-detection": {
      "version": "2.0.2",
      "resolved": "https://registry.npmjs.org/@aws-crypto/ie11-detection/-/ie11-detection-2.0.2.tgz",
      "integrity": "sha512-5XDMQY98gMAf/WRTic5G++jfmS/VLM0rwpiOpaainKi4L0nqWMSB1SzsrEG5rjFZGYN6ZAefO+/Yta2dFM0kMw==",
      "dependencies": {
        "tslib": "^1.11.1"
      }
    },
    "node_modules/@aws-crypto/sha256-browser": {
      "version": "2.0.0",
      "resolved": "https://registry.npmjs.org/@aws-crypto/sha256-browser/-/sha256-browser-2.0.0.tgz",
      "integrity": "sha512-rYXOQ8BFOaqMEHJrLHul/25ckWH6GTJtdLSajhlqGMx0PmSueAuvboCuZCTqEKlxR8CQOwRarxYMZZSYlhRA1A==",
      "dependencies": {
        "@aws-crypto/ie11-detection": "^2.0.0",
        "@aws-crypto/sha256-js": "^2.0.0",
        "@aws-crypto/supports-web-crypto": "^2.0.0",
        "@aws-crypto/util": "^2.0.0",
        "@aws-sdk/types": "^3.1.0",
        "@aws-sdk/util-locate-window": "^3.0.0",
        "@aws-sdk/util-utf8-browser": "^3.0.0",
        "tslib": "^1.11.1"
      }
    },
    "node_modules/@aws-crypto/sha256-js": {
      "version": "2.0.2",
      "resolved": "https://registry.npmjs.org/@aws-crypto/sha256-js/-/sha256-js-2.0.2.tgz",
      "integrity": "sha512-iXLdKH19qPmIC73fVCrHWCSYjN/sxaAvZ3jNNyw6FclmHyjLKg0f69WlC9KTnyElxCR5MO9SKaG00VwlJwyAkQ==",
      "dependencies": {
        "@aws-crypto/util": "^2.0.2",
        "@aws-sdk/types": "^3.110.0",
        "tslib": "^1.11.1"
      }
    },
    "node_modules/@aws-crypto/supports-web-crypto": {
      "version": "2.0.2",
      "resolved": "https://registry.npmjs.org/@aws-crypto/supports-web-crypto/-/supports-web-crypto-2.0.2.tgz",
      "integrity": "sha512-6mbSsLHwZ99CTOOswvCRP3C+VCWnzBf+1SnbWxzzJ9lR0mA0JnY2JEAhp8rqmTE0GPFy88rrM27ffgp62oErMQ==",
      "dependencies": {
        "tslib": "^1.11.1"
      }
    },
    "node_modules/@aws-crypto/util": {
      "version": "2.0.2",
      "resolved": "https://registry.npmjs.org/@aws-crypto/util/-/util-2.0.2.tgz",
      "integrity": "sha512-Lgu5v/0e/BcrZ5m/IWqzPUf3UYFTy/PpeED+uc9SWUR1iZQL8XXbGQg10UfllwwBryO3hFF5dizK+78aoXC1eA==",
      "dependencies": {
        "@aws-sdk/types": "^3.110.0",
        "@aws-sdk/util-utf8-browser": "^3.0.0",
        "tslib": "^1.11.1"
      }
    },
    "node_modules/@aws-sdk/abort-controller": {
      "version": "3.201.0",
      "resolved": "https://registry.npmjs.org/@aws-sdk/abort-controller/-/abort-controller-3.201.0.tgz",
      "integrity": "sha512-xJ984k+CKlGjBmvNarzM8Y+b6X4L1Zt0TycQmVBJq7fAr/ju9l13pQIoXR5WlDIW1FkGeVczF5Nu6fN46SCORQ==",
      "dependencies": {
        "@aws-sdk/types": "3.201.0",
        "tslib": "^2.3.1"
      },
      "engines": {
        "node": ">=14.0.0"
      }
    },
    "node_modules/@aws-sdk/abort-controller/node_modules/tslib": {
      "version": "2.4.1",
      "resolved": "https://registry.npmjs.org/tslib/-/tslib-2.4.1.tgz",
      "integrity": "sha512-tGyy4dAjRIEwI7BzsB0lynWgOpfqjUdq91XXAlIWD2OwKBH7oCl/GZG/HT4BOHrTlPMOASlMQ7veyTqpmRcrNA=="
    },
    "node_modules/@aws-sdk/client-sso": {
      "version": "3.204.0",
      "resolved": "https://registry.npmjs.org/@aws-sdk/client-sso/-/client-sso-3.204.0.tgz",
      "integrity": "sha512-AECcNrcAQxV/Jlu8ogshRaYwt2jayx0omQJs/SXj70mWxmbk4MQnb+DqJIpPpOKBHaza/xlC2TKS1RzkiuZxyw==",
      "dependencies": {
        "@aws-crypto/sha256-browser": "2.0.0",
        "@aws-crypto/sha256-js": "2.0.0",
        "@aws-sdk/config-resolver": "3.201.0",
        "@aws-sdk/fetch-http-handler": "3.204.0",
        "@aws-sdk/hash-node": "3.201.0",
        "@aws-sdk/invalid-dependency": "3.201.0",
        "@aws-sdk/middleware-content-length": "3.201.0",
        "@aws-sdk/middleware-endpoint": "3.201.0",
        "@aws-sdk/middleware-host-header": "3.201.0",
        "@aws-sdk/middleware-logger": "3.201.0",
        "@aws-sdk/middleware-recursion-detection": "3.201.0",
        "@aws-sdk/middleware-retry": "3.201.0",
        "@aws-sdk/middleware-serde": "3.201.0",
        "@aws-sdk/middleware-stack": "3.201.0",
        "@aws-sdk/middleware-user-agent": "3.201.0",
        "@aws-sdk/node-config-provider": "3.201.0",
        "@aws-sdk/node-http-handler": "3.201.0",
        "@aws-sdk/protocol-http": "3.201.0",
        "@aws-sdk/smithy-client": "3.201.0",
        "@aws-sdk/types": "3.201.0",
        "@aws-sdk/url-parser": "3.201.0",
        "@aws-sdk/util-base64": "3.202.0",
        "@aws-sdk/util-base64-browser": "3.188.0",
        "@aws-sdk/util-base64-node": "3.201.0",
        "@aws-sdk/util-body-length-browser": "3.188.0",
        "@aws-sdk/util-body-length-node": "3.201.0",
        "@aws-sdk/util-defaults-mode-browser": "3.201.0",
        "@aws-sdk/util-defaults-mode-node": "3.201.0",
        "@aws-sdk/util-endpoints": "3.202.0",
        "@aws-sdk/util-user-agent-browser": "3.201.0",
        "@aws-sdk/util-user-agent-node": "3.201.0",
        "@aws-sdk/util-utf8-browser": "3.188.0",
        "@aws-sdk/util-utf8-node": "3.201.0",
        "tslib": "^2.3.1"
      },
      "engines": {
        "node": ">=14.0.0"
      }
    },
    "node_modules/@aws-sdk/client-sso/node_modules/@aws-crypto/sha256-js": {
      "version": "2.0.0",
      "resolved": "https://registry.npmjs.org/@aws-crypto/sha256-js/-/sha256-js-2.0.0.tgz",
      "integrity": "sha512-VZY+mCY4Nmrs5WGfitmNqXzaE873fcIZDu54cbaDaaamsaTOP1DBImV9F4pICc3EHjQXujyE8jig+PFCaew9ig==",
      "dependencies": {
        "@aws-crypto/util": "^2.0.0",
        "@aws-sdk/types": "^3.1.0",
        "tslib": "^1.11.1"
      }
    },
    "node_modules/@aws-sdk/client-sso/node_modules/@aws-crypto/sha256-js/node_modules/tslib": {
      "version": "1.14.1",
      "resolved": "https://registry.npmjs.org/tslib/-/tslib-1.14.1.tgz",
      "integrity": "sha512-Xni35NKzjgMrwevysHTCArtLDpPvye8zV/0E4EyYn43P7/7qvQwPh9BGkHewbMulVntbigmcT7rdX3BNo9wRJg=="
    },
    "node_modules/@aws-sdk/client-sso/node_modules/tslib": {
      "version": "2.4.1",
      "resolved": "https://registry.npmjs.org/tslib/-/tslib-2.4.1.tgz",
      "integrity": "sha512-tGyy4dAjRIEwI7BzsB0lynWgOpfqjUdq91XXAlIWD2OwKBH7oCl/GZG/HT4BOHrTlPMOASlMQ7veyTqpmRcrNA=="
    },
    "node_modules/@aws-sdk/client-sts": {
      "version": "3.204.0",
      "resolved": "https://registry.npmjs.org/@aws-sdk/client-sts/-/client-sts-3.204.0.tgz",
      "integrity": "sha512-Tp6FqENRw31XK5r5hul1JXnQgHBhbbXhoMebyFih6/zjpATaqg0bnV6tpww4yPi3uc+yDGXKw2/tDroSsyTsRA==",
      "dependencies": {
        "@aws-crypto/sha256-browser": "2.0.0",
        "@aws-crypto/sha256-js": "2.0.0",
        "@aws-sdk/config-resolver": "3.201.0",
        "@aws-sdk/credential-provider-node": "3.204.0",
        "@aws-sdk/fetch-http-handler": "3.204.0",
        "@aws-sdk/hash-node": "3.201.0",
        "@aws-sdk/invalid-dependency": "3.201.0",
        "@aws-sdk/middleware-content-length": "3.201.0",
        "@aws-sdk/middleware-endpoint": "3.201.0",
        "@aws-sdk/middleware-host-header": "3.201.0",
        "@aws-sdk/middleware-logger": "3.201.0",
        "@aws-sdk/middleware-recursion-detection": "3.201.0",
        "@aws-sdk/middleware-retry": "3.201.0",
        "@aws-sdk/middleware-sdk-sts": "3.201.0",
        "@aws-sdk/middleware-serde": "3.201.0",
        "@aws-sdk/middleware-signing": "3.201.0",
        "@aws-sdk/middleware-stack": "3.201.0",
        "@aws-sdk/middleware-user-agent": "3.201.0",
        "@aws-sdk/node-config-provider": "3.201.0",
        "@aws-sdk/node-http-handler": "3.201.0",
        "@aws-sdk/protocol-http": "3.201.0",
        "@aws-sdk/smithy-client": "3.201.0",
        "@aws-sdk/types": "3.201.0",
        "@aws-sdk/url-parser": "3.201.0",
        "@aws-sdk/util-base64": "3.202.0",
        "@aws-sdk/util-base64-browser": "3.188.0",
        "@aws-sdk/util-base64-node": "3.201.0",
        "@aws-sdk/util-body-length-browser": "3.188.0",
        "@aws-sdk/util-body-length-node": "3.201.0",
        "@aws-sdk/util-defaults-mode-browser": "3.201.0",
        "@aws-sdk/util-defaults-mode-node": "3.201.0",
        "@aws-sdk/util-endpoints": "3.202.0",
        "@aws-sdk/util-user-agent-browser": "3.201.0",
        "@aws-sdk/util-user-agent-node": "3.201.0",
        "@aws-sdk/util-utf8-browser": "3.188.0",
        "@aws-sdk/util-utf8-node": "3.201.0",
        "fast-xml-parser": "4.0.11",
        "tslib": "^2.3.1"
      },
      "engines": {
        "node": ">=14.0.0"
      }
    },
    "node_modules/@aws-sdk/client-sts/node_modules/@aws-crypto/sha256-js": {
      "version": "2.0.0",
      "resolved": "https://registry.npmjs.org/@aws-crypto/sha256-js/-/sha256-js-2.0.0.tgz",
      "integrity": "sha512-VZY+mCY4Nmrs5WGfitmNqXzaE873fcIZDu54cbaDaaamsaTOP1DBImV9F4pICc3EHjQXujyE8jig+PFCaew9ig==",
      "dependencies": {
        "@aws-crypto/util": "^2.0.0",
        "@aws-sdk/types": "^3.1.0",
        "tslib": "^1.11.1"
      }
    },
    "node_modules/@aws-sdk/client-sts/node_modules/@aws-crypto/sha256-js/node_modules/tslib": {
      "version": "1.14.1",
      "resolved": "https://registry.npmjs.org/tslib/-/tslib-1.14.1.tgz",
      "integrity": "sha512-Xni35NKzjgMrwevysHTCArtLDpPvye8zV/0E4EyYn43P7/7qvQwPh9BGkHewbMulVntbigmcT7rdX3BNo9wRJg=="
    },
    "node_modules/@aws-sdk/client-sts/node_modules/tslib": {
      "version": "2.4.1",
      "resolved": "https://registry.npmjs.org/tslib/-/tslib-2.4.1.tgz",
      "integrity": "sha512-tGyy4dAjRIEwI7BzsB0lynWgOpfqjUdq91XXAlIWD2OwKBH7oCl/GZG/HT4BOHrTlPMOASlMQ7veyTqpmRcrNA=="
    },
    "node_modules/@aws-sdk/config-resolver": {
      "version": "3.201.0",
      "resolved": "https://registry.npmjs.org/@aws-sdk/config-resolver/-/config-resolver-3.201.0.tgz",
      "integrity": "sha512-6YLIel7OGMGi+r8XC1A54cQJRIpx/NJ4fBALy44zFpQ+fdJUEmw4daUf1LECmAQiPA2Pr/hD0nBtX+wiiTf5/g==",
      "dependencies": {
        "@aws-sdk/signature-v4": "3.201.0",
        "@aws-sdk/types": "3.201.0",
        "@aws-sdk/util-config-provider": "3.201.0",
        "@aws-sdk/util-middleware": "3.201.0",
        "tslib": "^2.3.1"
      },
      "engines": {
        "node": ">=14.0.0"
      }
    },
    "node_modules/@aws-sdk/config-resolver/node_modules/tslib": {
      "version": "2.4.1",
      "resolved": "https://registry.npmjs.org/tslib/-/tslib-2.4.1.tgz",
      "integrity": "sha512-tGyy4dAjRIEwI7BzsB0lynWgOpfqjUdq91XXAlIWD2OwKBH7oCl/GZG/HT4BOHrTlPMOASlMQ7veyTqpmRcrNA=="
    },
    "node_modules/@aws-sdk/credential-provider-env": {
      "version": "3.201.0",
      "resolved": "https://registry.npmjs.org/@aws-sdk/credential-provider-env/-/credential-provider-env-3.201.0.tgz",
      "integrity": "sha512-g2MJsowzFhSsIOITUjYp7EzWFeHINjEP526Uf+5z2/p2kxQVwYYWZQK7j+tPE2Bk3MEjGOCmVHbbE7IFj0rNHw==",
      "dependencies": {
        "@aws-sdk/property-provider": "3.201.0",
        "@aws-sdk/types": "3.201.0",
        "tslib": "^2.3.1"
      },
      "engines": {
        "node": ">=14.0.0"
      }
    },
    "node_modules/@aws-sdk/credential-provider-env/node_modules/tslib": {
      "version": "2.4.1",
      "resolved": "https://registry.npmjs.org/tslib/-/tslib-2.4.1.tgz",
      "integrity": "sha512-tGyy4dAjRIEwI7BzsB0lynWgOpfqjUdq91XXAlIWD2OwKBH7oCl/GZG/HT4BOHrTlPMOASlMQ7veyTqpmRcrNA=="
    },
    "node_modules/@aws-sdk/credential-provider-imds": {
      "version": "3.201.0",
      "resolved": "https://registry.npmjs.org/@aws-sdk/credential-provider-imds/-/credential-provider-imds-3.201.0.tgz",
      "integrity": "sha512-i8U2k3/L3iUWJJ1GSlwVBMfLQ2OTUT97E8yJi/xz5GavYuPOsUQWQe4fp7WGQivxh+AqybXAGFUCYub6zfUqag==",
      "dependencies": {
        "@aws-sdk/node-config-provider": "3.201.0",
        "@aws-sdk/property-provider": "3.201.0",
        "@aws-sdk/types": "3.201.0",
        "@aws-sdk/url-parser": "3.201.0",
        "tslib": "^2.3.1"
      },
      "engines": {
        "node": ">=14.0.0"
      }
    },
    "node_modules/@aws-sdk/credential-provider-imds/node_modules/tslib": {
      "version": "2.4.1",
      "resolved": "https://registry.npmjs.org/tslib/-/tslib-2.4.1.tgz",
      "integrity": "sha512-tGyy4dAjRIEwI7BzsB0lynWgOpfqjUdq91XXAlIWD2OwKBH7oCl/GZG/HT4BOHrTlPMOASlMQ7veyTqpmRcrNA=="
    },
    "node_modules/@aws-sdk/credential-provider-ini": {
      "version": "3.204.0",
      "resolved": "https://registry.npmjs.org/@aws-sdk/credential-provider-ini/-/credential-provider-ini-3.204.0.tgz",
      "integrity": "sha512-ddtaS0ya5lgZZwfuJ/FuniroreLJ6yDgPAasol/rla9U5EU0qUEK1+6PX463exghUGjYfTqxdrKXhGYZfuEoIw==",
      "dependencies": {
        "@aws-sdk/credential-provider-env": "3.201.0",
        "@aws-sdk/credential-provider-imds": "3.201.0",
        "@aws-sdk/credential-provider-sso": "3.204.0",
        "@aws-sdk/credential-provider-web-identity": "3.201.0",
        "@aws-sdk/property-provider": "3.201.0",
        "@aws-sdk/shared-ini-file-loader": "3.201.0",
        "@aws-sdk/types": "3.201.0",
        "tslib": "^2.3.1"
      },
      "engines": {
        "node": ">=14.0.0"
      }
    },
    "node_modules/@aws-sdk/credential-provider-ini/node_modules/tslib": {
      "version": "2.4.1",
      "resolved": "https://registry.npmjs.org/tslib/-/tslib-2.4.1.tgz",
      "integrity": "sha512-tGyy4dAjRIEwI7BzsB0lynWgOpfqjUdq91XXAlIWD2OwKBH7oCl/GZG/HT4BOHrTlPMOASlMQ7veyTqpmRcrNA=="
    },
    "node_modules/@aws-sdk/credential-provider-node": {
      "version": "3.204.0",
      "resolved": "https://registry.npmjs.org/@aws-sdk/credential-provider-node/-/credential-provider-node-3.204.0.tgz",
      "integrity": "sha512-kGbR5JE90zBGDS4cIz7tlUklMMeOm5oc5ES74YStLUacpQKwzVcHmDG8aT2DCONS/wEYysOIs5LygHurOJ/+Ww==",
      "dependencies": {
        "@aws-sdk/credential-provider-env": "3.201.0",
        "@aws-sdk/credential-provider-imds": "3.201.0",
        "@aws-sdk/credential-provider-ini": "3.204.0",
        "@aws-sdk/credential-provider-process": "3.201.0",
        "@aws-sdk/credential-provider-sso": "3.204.0",
        "@aws-sdk/credential-provider-web-identity": "3.201.0",
        "@aws-sdk/property-provider": "3.201.0",
        "@aws-sdk/shared-ini-file-loader": "3.201.0",
        "@aws-sdk/types": "3.201.0",
        "tslib": "^2.3.1"
      },
      "engines": {
        "node": ">=14.0.0"
      }
    },
    "node_modules/@aws-sdk/credential-provider-node/node_modules/tslib": {
      "version": "2.4.1",
      "resolved": "https://registry.npmjs.org/tslib/-/tslib-2.4.1.tgz",
      "integrity": "sha512-tGyy4dAjRIEwI7BzsB0lynWgOpfqjUdq91XXAlIWD2OwKBH7oCl/GZG/HT4BOHrTlPMOASlMQ7veyTqpmRcrNA=="
    },
    "node_modules/@aws-sdk/credential-provider-process": {
      "version": "3.201.0",
      "resolved": "https://registry.npmjs.org/@aws-sdk/credential-provider-process/-/credential-provider-process-3.201.0.tgz",
      "integrity": "sha512-jTK3HSZgNj/hVrWb0wuF/cPUWSJYoRI/80fnN55o6QLS8WWIgOI8o2PNeVTAT5OrKioSoN4fgKTeUm3DZy3npQ==",
      "dependencies": {
        "@aws-sdk/property-provider": "3.201.0",
        "@aws-sdk/shared-ini-file-loader": "3.201.0",
        "@aws-sdk/types": "3.201.0",
        "tslib": "^2.3.1"
      },
      "engines": {
        "node": ">=14.0.0"
      }
    },
    "node_modules/@aws-sdk/credential-provider-process/node_modules/tslib": {
      "version": "2.4.1",
      "resolved": "https://registry.npmjs.org/tslib/-/tslib-2.4.1.tgz",
      "integrity": "sha512-tGyy4dAjRIEwI7BzsB0lynWgOpfqjUdq91XXAlIWD2OwKBH7oCl/GZG/HT4BOHrTlPMOASlMQ7veyTqpmRcrNA=="
    },
    "node_modules/@aws-sdk/credential-provider-sso": {
      "version": "3.204.0",
      "resolved": "https://registry.npmjs.org/@aws-sdk/credential-provider-sso/-/credential-provider-sso-3.204.0.tgz",
      "integrity": "sha512-iS884Gda99x4zmdCK3XxFcceve4wB+wudpeTUm2wwX9AGrSzoUnLWqNXv/R8UAMAsKANaWMBkqv/bsHpsEitZw==",
      "dependencies": {
        "@aws-sdk/client-sso": "3.204.0",
        "@aws-sdk/property-provider": "3.201.0",
        "@aws-sdk/shared-ini-file-loader": "3.201.0",
        "@aws-sdk/types": "3.201.0",
        "tslib": "^2.3.1"
      },
      "engines": {
        "node": ">=14.0.0"
      }
    },
    "node_modules/@aws-sdk/credential-provider-sso/node_modules/tslib": {
      "version": "2.4.1",
      "resolved": "https://registry.npmjs.org/tslib/-/tslib-2.4.1.tgz",
      "integrity": "sha512-tGyy4dAjRIEwI7BzsB0lynWgOpfqjUdq91XXAlIWD2OwKBH7oCl/GZG/HT4BOHrTlPMOASlMQ7veyTqpmRcrNA=="
    },
    "node_modules/@aws-sdk/credential-provider-web-identity": {
      "version": "3.201.0",
      "resolved": "https://registry.npmjs.org/@aws-sdk/credential-provider-web-identity/-/credential-provider-web-identity-3.201.0.tgz",
      "integrity": "sha512-U54bqhYaClPVZfswgknhlICp3BAtKXpOgHQCUF8cko5xUgbL4lVgd1rC3lWviGFMQAaTIF3QOXyEouemxr3VXw==",
      "dependencies": {
        "@aws-sdk/property-provider": "3.201.0",
        "@aws-sdk/types": "3.201.0",
        "tslib": "^2.3.1"
      },
      "engines": {
        "node": ">=14.0.0"
      }
    },
    "node_modules/@aws-sdk/credential-provider-web-identity/node_modules/tslib": {
      "version": "2.4.1",
      "resolved": "https://registry.npmjs.org/tslib/-/tslib-2.4.1.tgz",
      "integrity": "sha512-tGyy4dAjRIEwI7BzsB0lynWgOpfqjUdq91XXAlIWD2OwKBH7oCl/GZG/HT4BOHrTlPMOASlMQ7veyTqpmRcrNA=="
    },
    "node_modules/@aws-sdk/fetch-http-handler": {
      "version": "3.204.0",
      "resolved": "https://registry.npmjs.org/@aws-sdk/fetch-http-handler/-/fetch-http-handler-3.204.0.tgz",
      "integrity": "sha512-TfIhWYQ4CTjrD+FSuBcKMSVrqq8GCwqCfUyalWmSKo4JIFhN5OxUnOFb1/ecE/TJX+YgZ65w4qhVJVHHmh229Q==",
      "dependencies": {
        "@aws-sdk/protocol-http": "3.201.0",
        "@aws-sdk/querystring-builder": "3.201.0",
        "@aws-sdk/types": "3.201.0",
        "@aws-sdk/util-base64": "3.202.0",
        "tslib": "^2.3.1"
      }
    },
    "node_modules/@aws-sdk/fetch-http-handler/node_modules/tslib": {
      "version": "2.4.1",
      "resolved": "https://registry.npmjs.org/tslib/-/tslib-2.4.1.tgz",
      "integrity": "sha512-tGyy4dAjRIEwI7BzsB0lynWgOpfqjUdq91XXAlIWD2OwKBH7oCl/GZG/HT4BOHrTlPMOASlMQ7veyTqpmRcrNA=="
    },
    "node_modules/@aws-sdk/hash-node": {
      "version": "3.201.0",
      "resolved": "https://registry.npmjs.org/@aws-sdk/hash-node/-/hash-node-3.201.0.tgz",
      "integrity": "sha512-WJsMZg5/TMoWnLM+0NuwLwFzHsi89Bi9J1Dt7JdJHXFLoEZV54FEz1PK/Sq5NOldhVljpXQwWOB2dHA2wxFztg==",
      "dependencies": {
        "@aws-sdk/types": "3.201.0",
        "@aws-sdk/util-buffer-from": "3.201.0",
        "tslib": "^2.3.1"
      },
      "engines": {
        "node": ">=14.0.0"
      }
    },
    "node_modules/@aws-sdk/hash-node/node_modules/tslib": {
      "version": "2.4.1",
      "resolved": "https://registry.npmjs.org/tslib/-/tslib-2.4.1.tgz",
      "integrity": "sha512-tGyy4dAjRIEwI7BzsB0lynWgOpfqjUdq91XXAlIWD2OwKBH7oCl/GZG/HT4BOHrTlPMOASlMQ7veyTqpmRcrNA=="
    },
    "node_modules/@aws-sdk/invalid-dependency": {
      "version": "3.201.0",
      "resolved": "https://registry.npmjs.org/@aws-sdk/invalid-dependency/-/invalid-dependency-3.201.0.tgz",
      "integrity": "sha512-f/zgntOfIozNyKSaG9dvHjjBaR3y20kYNswMYkSuCM2NIT5LpyHiiq5I11TwaocatUFcDztWpcsv7vHpIgI5Ig==",
      "dependencies": {
        "@aws-sdk/types": "3.201.0",
        "tslib": "^2.3.1"
      }
    },
    "node_modules/@aws-sdk/invalid-dependency/node_modules/tslib": {
      "version": "2.4.1",
      "resolved": "https://registry.npmjs.org/tslib/-/tslib-2.4.1.tgz",
      "integrity": "sha512-tGyy4dAjRIEwI7BzsB0lynWgOpfqjUdq91XXAlIWD2OwKBH7oCl/GZG/HT4BOHrTlPMOASlMQ7veyTqpmRcrNA=="
    },
    "node_modules/@aws-sdk/is-array-buffer": {
      "version": "3.201.0",
      "resolved": "https://registry.npmjs.org/@aws-sdk/is-array-buffer/-/is-array-buffer-3.201.0.tgz",
      "integrity": "sha512-UPez5qLh3dNgt0DYnPD/q0mVJY84rA17QE26hVNOW3fAji8W2wrwrxdacWOxyXvlxWsVRcKmr+lay1MDqpAMfg==",
      "dependencies": {
        "tslib": "^2.3.1"
      },
      "engines": {
        "node": ">=14.0.0"
      }
    },
    "node_modules/@aws-sdk/is-array-buffer/node_modules/tslib": {
      "version": "2.4.1",
      "resolved": "https://registry.npmjs.org/tslib/-/tslib-2.4.1.tgz",
      "integrity": "sha512-tGyy4dAjRIEwI7BzsB0lynWgOpfqjUdq91XXAlIWD2OwKBH7oCl/GZG/HT4BOHrTlPMOASlMQ7veyTqpmRcrNA=="
    },
    "node_modules/@aws-sdk/middleware-content-length": {
      "version": "3.201.0",
      "resolved": "https://registry.npmjs.org/@aws-sdk/middleware-content-length/-/middleware-content-length-3.201.0.tgz",
      "integrity": "sha512-p4G9AtdrKO8A3Z4RyZiy0isEYwuge7bQRBS7UzcGkcIOhJONq2pcM+gRZYz+NWvfYYNWUg5uODsFQfU8342yKg==",
      "dependencies": {
        "@aws-sdk/protocol-http": "3.201.0",
        "@aws-sdk/types": "3.201.0",
        "tslib": "^2.3.1"
      },
      "engines": {
        "node": ">=14.0.0"
      }
    },
    "node_modules/@aws-sdk/middleware-content-length/node_modules/tslib": {
      "version": "2.4.1",
      "resolved": "https://registry.npmjs.org/tslib/-/tslib-2.4.1.tgz",
      "integrity": "sha512-tGyy4dAjRIEwI7BzsB0lynWgOpfqjUdq91XXAlIWD2OwKBH7oCl/GZG/HT4BOHrTlPMOASlMQ7veyTqpmRcrNA=="
    },
    "node_modules/@aws-sdk/middleware-endpoint": {
      "version": "3.201.0",
      "resolved": "https://registry.npmjs.org/@aws-sdk/middleware-endpoint/-/middleware-endpoint-3.201.0.tgz",
      "integrity": "sha512-F3JlXo5GusbeZR956hA9VxmDxUeg77Xh6o8fveAE2+G4Bjcb1iq9jPNlw6A14vDj3oTKenv2LLnjL2OIfl6hRA==",
      "dependencies": {
        "@aws-sdk/middleware-serde": "3.201.0",
        "@aws-sdk/protocol-http": "3.201.0",
        "@aws-sdk/signature-v4": "3.201.0",
        "@aws-sdk/types": "3.201.0",
        "@aws-sdk/url-parser": "3.201.0",
        "@aws-sdk/util-config-provider": "3.201.0",
        "@aws-sdk/util-middleware": "3.201.0",
        "tslib": "^2.3.1"
      },
      "engines": {
        "node": ">=14.0.0"
      }
    },
    "node_modules/@aws-sdk/middleware-endpoint/node_modules/tslib": {
      "version": "2.4.1",
      "resolved": "https://registry.npmjs.org/tslib/-/tslib-2.4.1.tgz",
      "integrity": "sha512-tGyy4dAjRIEwI7BzsB0lynWgOpfqjUdq91XXAlIWD2OwKBH7oCl/GZG/HT4BOHrTlPMOASlMQ7veyTqpmRcrNA=="
    },
    "node_modules/@aws-sdk/middleware-host-header": {
      "version": "3.201.0",
      "resolved": "https://registry.npmjs.org/@aws-sdk/middleware-host-header/-/middleware-host-header-3.201.0.tgz",
      "integrity": "sha512-7KNzdV7nFcKAoahvgGAlzsOq9FFDsU5h3w2iPtVdJhz6ZRDH/2v6WFeUCji+UNZip36gFfMPivoO8Y5smb5r/A==",
      "dependencies": {
        "@aws-sdk/protocol-http": "3.201.0",
        "@aws-sdk/types": "3.201.0",
        "tslib": "^2.3.1"
      },
      "engines": {
        "node": ">=14.0.0"
      }
    },
    "node_modules/@aws-sdk/middleware-host-header/node_modules/tslib": {
      "version": "2.4.1",
      "resolved": "https://registry.npmjs.org/tslib/-/tslib-2.4.1.tgz",
      "integrity": "sha512-tGyy4dAjRIEwI7BzsB0lynWgOpfqjUdq91XXAlIWD2OwKBH7oCl/GZG/HT4BOHrTlPMOASlMQ7veyTqpmRcrNA=="
    },
    "node_modules/@aws-sdk/middleware-logger": {
      "version": "3.201.0",
      "resolved": "https://registry.npmjs.org/@aws-sdk/middleware-logger/-/middleware-logger-3.201.0.tgz",
      "integrity": "sha512-kYLsa9x3oUJxYU7V5KOO50Kl7b0kk+I4ltkrdarLvvXcVI7ZXmWHzHLT2dkUhj8S0ceVdi0FYHVPJ3GoE8re4A==",
      "dependencies": {
        "@aws-sdk/types": "3.201.0",
        "tslib": "^2.3.1"
      },
      "engines": {
        "node": ">=14.0.0"
      }
    },
    "node_modules/@aws-sdk/middleware-logger/node_modules/tslib": {
      "version": "2.4.1",
      "resolved": "https://registry.npmjs.org/tslib/-/tslib-2.4.1.tgz",
      "integrity": "sha512-tGyy4dAjRIEwI7BzsB0lynWgOpfqjUdq91XXAlIWD2OwKBH7oCl/GZG/HT4BOHrTlPMOASlMQ7veyTqpmRcrNA=="
    },
    "node_modules/@aws-sdk/middleware-recursion-detection": {
      "version": "3.201.0",
      "resolved": "https://registry.npmjs.org/@aws-sdk/middleware-recursion-detection/-/middleware-recursion-detection-3.201.0.tgz",
      "integrity": "sha512-NGOr+n559ZcJLdFoJR8LNGdrOJFIp2BTuWEDYeicNdNb0bETTXrkzcfT1BRhV9CWqCDmjFvjdrzbhS0cw/UUGA==",
      "dependencies": {
        "@aws-sdk/protocol-http": "3.201.0",
        "@aws-sdk/types": "3.201.0",
        "tslib": "^2.3.1"
      },
      "engines": {
        "node": ">=14.0.0"
      }
    },
    "node_modules/@aws-sdk/middleware-recursion-detection/node_modules/tslib": {
      "version": "2.4.1",
      "resolved": "https://registry.npmjs.org/tslib/-/tslib-2.4.1.tgz",
      "integrity": "sha512-tGyy4dAjRIEwI7BzsB0lynWgOpfqjUdq91XXAlIWD2OwKBH7oCl/GZG/HT4BOHrTlPMOASlMQ7veyTqpmRcrNA=="
    },
    "node_modules/@aws-sdk/middleware-retry": {
      "version": "3.201.0",
      "resolved": "https://registry.npmjs.org/@aws-sdk/middleware-retry/-/middleware-retry-3.201.0.tgz",
      "integrity": "sha512-4jQjSKCpSc4oB1X9nNq4FbIAwQrr+mvmUSmg/oe2Llf42Ak1G9gg3rNTtQdfzA/wNMlL4ZFfF5Br+uz06e1hnQ==",
      "dependencies": {
        "@aws-sdk/protocol-http": "3.201.0",
        "@aws-sdk/service-error-classification": "3.201.0",
        "@aws-sdk/types": "3.201.0",
        "@aws-sdk/util-middleware": "3.201.0",
        "tslib": "^2.3.1",
        "uuid": "^8.3.2"
      },
      "engines": {
        "node": ">=14.0.0"
      }
    },
    "node_modules/@aws-sdk/middleware-retry/node_modules/tslib": {
      "version": "2.4.1",
      "resolved": "https://registry.npmjs.org/tslib/-/tslib-2.4.1.tgz",
      "integrity": "sha512-tGyy4dAjRIEwI7BzsB0lynWgOpfqjUdq91XXAlIWD2OwKBH7oCl/GZG/HT4BOHrTlPMOASlMQ7veyTqpmRcrNA=="
    },
    "node_modules/@aws-sdk/middleware-retry/node_modules/uuid": {
      "version": "8.3.2",
      "resolved": "https://registry.npmjs.org/uuid/-/uuid-8.3.2.tgz",
      "integrity": "sha512-+NYs2QeMWy+GWFOEm9xnn6HCDp0l7QBD7ml8zLUmJ+93Q5NF0NocErnwkTkXVFNiX3/fpC6afS8Dhb/gz7R7eg==",
      "bin": {
        "uuid": "dist/bin/uuid"
      }
    },
    "node_modules/@aws-sdk/middleware-sdk-sts": {
      "version": "3.201.0",
      "resolved": "https://registry.npmjs.org/@aws-sdk/middleware-sdk-sts/-/middleware-sdk-sts-3.201.0.tgz",
      "integrity": "sha512-clZuXcoN0mAP4JH5C6pW5+0tdF25+fpFJqE7GNRjjH/NYNk6ImVI0Kq2espEWwVBuaS0/chTDK3b+pK8YOWdhw==",
      "dependencies": {
        "@aws-sdk/middleware-signing": "3.201.0",
        "@aws-sdk/property-provider": "3.201.0",
        "@aws-sdk/protocol-http": "3.201.0",
        "@aws-sdk/signature-v4": "3.201.0",
        "@aws-sdk/types": "3.201.0",
        "tslib": "^2.3.1"
      },
      "engines": {
        "node": ">=14.0.0"
      }
    },
    "node_modules/@aws-sdk/middleware-sdk-sts/node_modules/tslib": {
      "version": "2.4.1",
      "resolved": "https://registry.npmjs.org/tslib/-/tslib-2.4.1.tgz",
      "integrity": "sha512-tGyy4dAjRIEwI7BzsB0lynWgOpfqjUdq91XXAlIWD2OwKBH7oCl/GZG/HT4BOHrTlPMOASlMQ7veyTqpmRcrNA=="
    },
    "node_modules/@aws-sdk/middleware-serde": {
      "version": "3.201.0",
      "resolved": "https://registry.npmjs.org/@aws-sdk/middleware-serde/-/middleware-serde-3.201.0.tgz",
      "integrity": "sha512-Z7AzIuqEDvsZmp80zeT1oYxsoB8uQZby20Z8kF6/vNoq3sIzaGf/wHeNn0p+Vgo2auGSbZcVUZKoDptQLSLwIQ==",
      "dependencies": {
        "@aws-sdk/types": "3.201.0",
        "tslib": "^2.3.1"
      },
      "engines": {
        "node": ">=14.0.0"
      }
    },
    "node_modules/@aws-sdk/middleware-serde/node_modules/tslib": {
      "version": "2.4.1",
      "resolved": "https://registry.npmjs.org/tslib/-/tslib-2.4.1.tgz",
      "integrity": "sha512-tGyy4dAjRIEwI7BzsB0lynWgOpfqjUdq91XXAlIWD2OwKBH7oCl/GZG/HT4BOHrTlPMOASlMQ7veyTqpmRcrNA=="
    },
    "node_modules/@aws-sdk/middleware-signing": {
      "version": "3.201.0",
      "resolved": "https://registry.npmjs.org/@aws-sdk/middleware-signing/-/middleware-signing-3.201.0.tgz",
      "integrity": "sha512-08ri5+mB28tva9RjVIXFcUP5lRTx+Pj8C2HYqF2GL5H3uAo+h3RQ++fEG1uwUMLf7tCEFivcw6SHA1KmCnB7+w==",
      "dependencies": {
        "@aws-sdk/property-provider": "3.201.0",
        "@aws-sdk/protocol-http": "3.201.0",
        "@aws-sdk/signature-v4": "3.201.0",
        "@aws-sdk/types": "3.201.0",
        "@aws-sdk/util-middleware": "3.201.0",
        "tslib": "^2.3.1"
      },
      "engines": {
        "node": ">=14.0.0"
      }
    },
    "node_modules/@aws-sdk/middleware-signing/node_modules/tslib": {
      "version": "2.4.1",
      "resolved": "https://registry.npmjs.org/tslib/-/tslib-2.4.1.tgz",
      "integrity": "sha512-tGyy4dAjRIEwI7BzsB0lynWgOpfqjUdq91XXAlIWD2OwKBH7oCl/GZG/HT4BOHrTlPMOASlMQ7veyTqpmRcrNA=="
    },
    "node_modules/@aws-sdk/middleware-stack": {
      "version": "3.201.0",
      "resolved": "https://registry.npmjs.org/@aws-sdk/middleware-stack/-/middleware-stack-3.201.0.tgz",
      "integrity": "sha512-lqHYSBP5FBxzA5w5XiYYYpfXabFzleXonqRkqZts1tapNJ4sOd+itiKG8JoNP7LDOwJ8qxNW/a33/gQeh3wkwQ==",
      "dependencies": {
        "tslib": "^2.3.1"
      },
      "engines": {
        "node": ">=14.0.0"
      }
    },
    "node_modules/@aws-sdk/middleware-stack/node_modules/tslib": {
      "version": "2.4.1",
      "resolved": "https://registry.npmjs.org/tslib/-/tslib-2.4.1.tgz",
      "integrity": "sha512-tGyy4dAjRIEwI7BzsB0lynWgOpfqjUdq91XXAlIWD2OwKBH7oCl/GZG/HT4BOHrTlPMOASlMQ7veyTqpmRcrNA=="
    },
    "node_modules/@aws-sdk/middleware-user-agent": {
      "version": "3.201.0",
      "resolved": "https://registry.npmjs.org/@aws-sdk/middleware-user-agent/-/middleware-user-agent-3.201.0.tgz",
      "integrity": "sha512-/rYZ93WN1gDJudXis/0382CEoTqRa4qZJA608u2EPWs5aiMocUrm7pjH5XvKm2OYX8K/lyaMSBvL2OTIMzXGaQ==",
      "dependencies": {
        "@aws-sdk/protocol-http": "3.201.0",
        "@aws-sdk/types": "3.201.0",
        "tslib": "^2.3.1"
      },
      "engines": {
        "node": ">=14.0.0"
      }
    },
    "node_modules/@aws-sdk/middleware-user-agent/node_modules/tslib": {
      "version": "2.4.1",
      "resolved": "https://registry.npmjs.org/tslib/-/tslib-2.4.1.tgz",
      "integrity": "sha512-tGyy4dAjRIEwI7BzsB0lynWgOpfqjUdq91XXAlIWD2OwKBH7oCl/GZG/HT4BOHrTlPMOASlMQ7veyTqpmRcrNA=="
    },
    "node_modules/@aws-sdk/node-config-provider": {
      "version": "3.201.0",
      "resolved": "https://registry.npmjs.org/@aws-sdk/node-config-provider/-/node-config-provider-3.201.0.tgz",
      "integrity": "sha512-JO0K2qPTYn+pPC7g8rWr1oueg9CqGCkYbINuAuz79vjToOLUQnZT9GiFm7QADe6J6RT1oGEKRQabNaJnp8cFpQ==",
      "dependencies": {
        "@aws-sdk/property-provider": "3.201.0",
        "@aws-sdk/shared-ini-file-loader": "3.201.0",
        "@aws-sdk/types": "3.201.0",
        "tslib": "^2.3.1"
      },
      "engines": {
        "node": ">=14.0.0"
      }
    },
    "node_modules/@aws-sdk/node-config-provider/node_modules/tslib": {
      "version": "2.4.1",
      "resolved": "https://registry.npmjs.org/tslib/-/tslib-2.4.1.tgz",
      "integrity": "sha512-tGyy4dAjRIEwI7BzsB0lynWgOpfqjUdq91XXAlIWD2OwKBH7oCl/GZG/HT4BOHrTlPMOASlMQ7veyTqpmRcrNA=="
    },
    "node_modules/@aws-sdk/node-http-handler": {
      "version": "3.201.0",
      "resolved": "https://registry.npmjs.org/@aws-sdk/node-http-handler/-/node-http-handler-3.201.0.tgz",
      "integrity": "sha512-bWjXBd4WCiQcV4PwY+eFnlz9tZ4UiqfiJteav4MDt8YWkVlsVnR8RutmVSm3KZZjO2tJNSrla0ZWBebkNnI/Xg==",
      "dependencies": {
        "@aws-sdk/abort-controller": "3.201.0",
        "@aws-sdk/protocol-http": "3.201.0",
        "@aws-sdk/querystring-builder": "3.201.0",
        "@aws-sdk/types": "3.201.0",
        "tslib": "^2.3.1"
      },
      "engines": {
        "node": ">=14.0.0"
      }
    },
    "node_modules/@aws-sdk/node-http-handler/node_modules/tslib": {
      "version": "2.4.1",
      "resolved": "https://registry.npmjs.org/tslib/-/tslib-2.4.1.tgz",
      "integrity": "sha512-tGyy4dAjRIEwI7BzsB0lynWgOpfqjUdq91XXAlIWD2OwKBH7oCl/GZG/HT4BOHrTlPMOASlMQ7veyTqpmRcrNA=="
    },
    "node_modules/@aws-sdk/property-provider": {
      "version": "3.201.0",
      "resolved": "https://registry.npmjs.org/@aws-sdk/property-provider/-/property-provider-3.201.0.tgz",
      "integrity": "sha512-lVMP75VsYHIW04uYbkjA0I8Bb7b+aEj6PBBLdFoA22S0uCeJOD42OSr2Gtg2fToDGO7LQJw/K2D+LMCYKfZ3vQ==",
      "dependencies": {
        "@aws-sdk/types": "3.201.0",
        "tslib": "^2.3.1"
      },
      "engines": {
        "node": ">=14.0.0"
      }
    },
    "node_modules/@aws-sdk/property-provider/node_modules/tslib": {
      "version": "2.4.1",
      "resolved": "https://registry.npmjs.org/tslib/-/tslib-2.4.1.tgz",
      "integrity": "sha512-tGyy4dAjRIEwI7BzsB0lynWgOpfqjUdq91XXAlIWD2OwKBH7oCl/GZG/HT4BOHrTlPMOASlMQ7veyTqpmRcrNA=="
    },
    "node_modules/@aws-sdk/protocol-http": {
      "version": "3.201.0",
      "resolved": "https://registry.npmjs.org/@aws-sdk/protocol-http/-/protocol-http-3.201.0.tgz",
      "integrity": "sha512-RdOc1elWFpj8MogxG87nkhtylw0a+OD7W8WFM+Gw4yJMkl7cwW42VIBFfb0+KCGZfIQltIeSLRvfe3WvVPyo7Q==",
      "dependencies": {
        "@aws-sdk/types": "3.201.0",
        "tslib": "^2.3.1"
      },
      "engines": {
        "node": ">=14.0.0"
      }
    },
    "node_modules/@aws-sdk/protocol-http/node_modules/tslib": {
      "version": "2.4.1",
      "resolved": "https://registry.npmjs.org/tslib/-/tslib-2.4.1.tgz",
      "integrity": "sha512-tGyy4dAjRIEwI7BzsB0lynWgOpfqjUdq91XXAlIWD2OwKBH7oCl/GZG/HT4BOHrTlPMOASlMQ7veyTqpmRcrNA=="
    },
    "node_modules/@aws-sdk/querystring-builder": {
      "version": "3.201.0",
      "resolved": "https://registry.npmjs.org/@aws-sdk/querystring-builder/-/querystring-builder-3.201.0.tgz",
      "integrity": "sha512-FgQnVHpYR19w/HmHEgWpykCn9tdogW0n45Ins6LBCo2aImDf9kBATD4xgN/F2rtogGuLGgu5LIIMHIOj1Tzs/w==",
      "dependencies": {
        "@aws-sdk/types": "3.201.0",
        "@aws-sdk/util-uri-escape": "3.201.0",
        "tslib": "^2.3.1"
      },
      "engines": {
        "node": ">=14.0.0"
      }
    },
    "node_modules/@aws-sdk/querystring-builder/node_modules/tslib": {
      "version": "2.4.1",
      "resolved": "https://registry.npmjs.org/tslib/-/tslib-2.4.1.tgz",
      "integrity": "sha512-tGyy4dAjRIEwI7BzsB0lynWgOpfqjUdq91XXAlIWD2OwKBH7oCl/GZG/HT4BOHrTlPMOASlMQ7veyTqpmRcrNA=="
    },
    "node_modules/@aws-sdk/querystring-parser": {
      "version": "3.201.0",
      "resolved": "https://registry.npmjs.org/@aws-sdk/querystring-parser/-/querystring-parser-3.201.0.tgz",
      "integrity": "sha512-vS9Ljbqrwi0sIKYxgyZYJUN1AcE291hvuqwty9etgD2w/26SbWiMhjIW/fXJUOZjUvGKkYCpbivJYSzAGAuWfQ==",
      "dependencies": {
        "@aws-sdk/types": "3.201.0",
        "tslib": "^2.3.1"
      },
      "engines": {
        "node": ">=14.0.0"
      }
    },
    "node_modules/@aws-sdk/querystring-parser/node_modules/tslib": {
      "version": "2.4.1",
      "resolved": "https://registry.npmjs.org/tslib/-/tslib-2.4.1.tgz",
      "integrity": "sha512-tGyy4dAjRIEwI7BzsB0lynWgOpfqjUdq91XXAlIWD2OwKBH7oCl/GZG/HT4BOHrTlPMOASlMQ7veyTqpmRcrNA=="
    },
    "node_modules/@aws-sdk/service-error-classification": {
      "version": "3.201.0",
      "resolved": "https://registry.npmjs.org/@aws-sdk/service-error-classification/-/service-error-classification-3.201.0.tgz",
      "integrity": "sha512-Pfcfmurgq8UpM0rXco6FVblcruqN4Mo3TW8/yaXrbctWpmdNT/8v19fffQIIgk94TU8Vf/nPJ7E5DXL7MZr4Fw==",
      "engines": {
        "node": ">=14.0.0"
      }
    },
    "node_modules/@aws-sdk/shared-ini-file-loader": {
      "version": "3.201.0",
      "resolved": "https://registry.npmjs.org/@aws-sdk/shared-ini-file-loader/-/shared-ini-file-loader-3.201.0.tgz",
      "integrity": "sha512-Pbxk0TXep0yI8MnK7Prly6JuBm5Me9AITav8/zPEgTZ3fMhXhQhhiuQcuTCI9GeosSzoiu8VvK53oPtBZZFnXQ==",
      "dependencies": {
        "@aws-sdk/types": "3.201.0",
        "tslib": "^2.3.1"
      },
      "engines": {
        "node": ">=14.0.0"
      }
    },
    "node_modules/@aws-sdk/shared-ini-file-loader/node_modules/tslib": {
      "version": "2.4.1",
      "resolved": "https://registry.npmjs.org/tslib/-/tslib-2.4.1.tgz",
      "integrity": "sha512-tGyy4dAjRIEwI7BzsB0lynWgOpfqjUdq91XXAlIWD2OwKBH7oCl/GZG/HT4BOHrTlPMOASlMQ7veyTqpmRcrNA=="
    },
    "node_modules/@aws-sdk/signature-v4": {
      "version": "3.201.0",
      "resolved": "https://registry.npmjs.org/@aws-sdk/signature-v4/-/signature-v4-3.201.0.tgz",
      "integrity": "sha512-zEHoG1/hzJq169slggkPy1SN9YPWI78Bbe/MvHGYmCmQDspblu60JSBIbAatNqAxAmcWKc2HqpyGKjCkMG94ZA==",
      "dependencies": {
        "@aws-sdk/is-array-buffer": "3.201.0",
        "@aws-sdk/types": "3.201.0",
        "@aws-sdk/util-hex-encoding": "3.201.0",
        "@aws-sdk/util-middleware": "3.201.0",
        "@aws-sdk/util-uri-escape": "3.201.0",
        "tslib": "^2.3.1"
      },
      "engines": {
        "node": ">=14.0.0"
      }
    },
    "node_modules/@aws-sdk/signature-v4/node_modules/tslib": {
      "version": "2.4.1",
      "resolved": "https://registry.npmjs.org/tslib/-/tslib-2.4.1.tgz",
      "integrity": "sha512-tGyy4dAjRIEwI7BzsB0lynWgOpfqjUdq91XXAlIWD2OwKBH7oCl/GZG/HT4BOHrTlPMOASlMQ7veyTqpmRcrNA=="
    },
    "node_modules/@aws-sdk/smithy-client": {
      "version": "3.201.0",
      "resolved": "https://registry.npmjs.org/@aws-sdk/smithy-client/-/smithy-client-3.201.0.tgz",
      "integrity": "sha512-cL87Jgxczee8YFkWGWKQ2Ze0vjn4+eCa1kDvEYMCOQvNujTuFgatXLgije5a7nVkSnL9WLoIP7Y7fsBGrKfMnQ==",
      "dependencies": {
        "@aws-sdk/middleware-stack": "3.201.0",
        "@aws-sdk/types": "3.201.0",
        "tslib": "^2.3.1"
      },
      "engines": {
        "node": ">=14.0.0"
      }
    },
    "node_modules/@aws-sdk/smithy-client/node_modules/tslib": {
      "version": "2.4.1",
      "resolved": "https://registry.npmjs.org/tslib/-/tslib-2.4.1.tgz",
      "integrity": "sha512-tGyy4dAjRIEwI7BzsB0lynWgOpfqjUdq91XXAlIWD2OwKBH7oCl/GZG/HT4BOHrTlPMOASlMQ7veyTqpmRcrNA=="
    },
    "node_modules/@aws-sdk/types": {
      "version": "3.201.0",
      "resolved": "https://registry.npmjs.org/@aws-sdk/types/-/types-3.201.0.tgz",
      "integrity": "sha512-RCQj2pQyHD330Jd4c5CHJ87k2ZqC3Mmtl6nhwH1dy3vbnGUpc3q+3yinOKoTAY934kIa7ia32Y/2EjuyHxaj1A==",
      "engines": {
        "node": ">=14.0.0"
      }
    },
    "node_modules/@aws-sdk/url-parser": {
      "version": "3.201.0",
      "resolved": "https://registry.npmjs.org/@aws-sdk/url-parser/-/url-parser-3.201.0.tgz",
      "integrity": "sha512-V15aqj0tj4Y79VpuIdHUvX4Nvn4hYPB0RAn/qg5CCComIl0doLOirAQtW1MOBOyctdRlD9Uv7d1QdPLzJZMHjQ==",
      "dependencies": {
        "@aws-sdk/querystring-parser": "3.201.0",
        "@aws-sdk/types": "3.201.0",
        "tslib": "^2.3.1"
      }
    },
    "node_modules/@aws-sdk/url-parser/node_modules/tslib": {
      "version": "2.4.1",
      "resolved": "https://registry.npmjs.org/tslib/-/tslib-2.4.1.tgz",
      "integrity": "sha512-tGyy4dAjRIEwI7BzsB0lynWgOpfqjUdq91XXAlIWD2OwKBH7oCl/GZG/HT4BOHrTlPMOASlMQ7veyTqpmRcrNA=="
    },
    "node_modules/@aws-sdk/util-base64": {
      "version": "3.202.0",
      "resolved": "https://registry.npmjs.org/@aws-sdk/util-base64/-/util-base64-3.202.0.tgz",
      "integrity": "sha512-0QlvxCSU2CITeR/x87zls9ma+CkN3EXRGM3M5XnHWaneDI9K+O2uPpAbDfLh0SBJyO0AfIMn7Vh/BvnNNPEDpg==",
      "dependencies": {
        "@aws-sdk/util-buffer-from": "3.201.0",
        "tslib": "^2.3.1"
      },
      "engines": {
        "node": ">=14.0.0"
      }
    },
    "node_modules/@aws-sdk/util-base64-browser": {
      "version": "3.188.0",
      "resolved": "https://registry.npmjs.org/@aws-sdk/util-base64-browser/-/util-base64-browser-3.188.0.tgz",
      "integrity": "sha512-qlH+5NZBLiyKziL335BEPedYxX6j+p7KFRWXvDQox9S+s+gLCayednpK+fteOhBenCcR9fUZOVuAPScy1I8qCg==",
      "dependencies": {
        "tslib": "^2.3.1"
      }
    },
    "node_modules/@aws-sdk/util-base64-browser/node_modules/tslib": {
      "version": "2.4.1",
      "resolved": "https://registry.npmjs.org/tslib/-/tslib-2.4.1.tgz",
      "integrity": "sha512-tGyy4dAjRIEwI7BzsB0lynWgOpfqjUdq91XXAlIWD2OwKBH7oCl/GZG/HT4BOHrTlPMOASlMQ7veyTqpmRcrNA=="
    },
    "node_modules/@aws-sdk/util-base64-node": {
      "version": "3.201.0",
      "resolved": "https://registry.npmjs.org/@aws-sdk/util-base64-node/-/util-base64-node-3.201.0.tgz",
      "integrity": "sha512-ydZqNpB3l5kiicInpPDExPb5xHI7uyVIa1vMupnuIrJ412iNb0F2+K8LlFynzw6fSJShVKnqFcWOYRA96z1iIw==",
      "dependencies": {
        "@aws-sdk/util-buffer-from": "3.201.0",
        "tslib": "^2.3.1"
      },
      "engines": {
        "node": ">=14.0.0"
      }
    },
    "node_modules/@aws-sdk/util-base64-node/node_modules/tslib": {
      "version": "2.4.1",
      "resolved": "https://registry.npmjs.org/tslib/-/tslib-2.4.1.tgz",